
Microsoft Visual Studio Solution File, Format Version 12.00
# Visual Studio Version 17
VisualStudioVersion = 17.1.32210.238
MinimumVisualStudioVersion = 10.0.40219.1
Project("{FAE04EC0-301F-11D3-BF4B-00C04F79EFBC}") = "SerilogJsonPrefixTest", "SerilogJsonPrefixTest\SerilogJsonPrefixTest.csproj", "{8FB0C8DA-DE76-4E96-8717-3891823117E4}"
EndProject
Global
	GlobalSection(SolutionConfigurationPlatforms) = preSolution
		Debug|Any CPU = Debug|Any CPU
		Release|Any CPU = Release|Any CPU
	EndGlobalSection
	GlobalSection(ProjectConfigurationPlatforms) = postSolution
		{8FB0C8DA-DE76-4E96-8717-3891823117E4}.Debug|Any CPU.ActiveCfg = Debug|Any CPU
		{8FB0C8DA-DE76-4E96-8717-3891823117E4}.Debug|Any CPU.Build.0 = Debug|Any CPU
		{8FB0C8DA-DE76-4E96-8717-3891823117E4}.Release|Any CPU.ActiveCfg = Release|Any CPU
		{8FB0C8DA-DE76-4E96-8717-3891823117E4}.Release|Any CPU.Build.0 = Release|Any CPU
	EndGlobalSection
	GlobalSection(SolutionProperties) = preSolution
		HideSolutionNode = FALSE
	EndGlobalSection
	GlobalSection(ExtensibilityGlobals) = postSolution
		SolutionGuid = {89E1D380-D36A-4EDE-804D-1CC75C28C691}
	EndGlobalSection
EndGlobal
